version = 1
revision = 3
requires-python = ">=3.14"

[[package]]
name = "altgraph"
version = "0.17.5"
source = { registry = "https://pypi.org/simple" }
sdist = { url = "https://files.pythonhosted.org/packages/7e/f8/97fdf103f38fed6792a1601dbc16cc8aac56e7459a9fff08c812d8ae177a/altgraph-0.17.5.tar.gz", hash = "sha256:c87b395dd12fabde9c99573a9749d67da8d29ef9de0125c7f536699b4a9bc9e7", size = 48428, upload-time = "2025-11-21T20:35:50.583Z" }
wheels = [
    { url = "https://files.pythonhosted.org/packages/a9/ba/000a1996d4308bc65120167c21241a3b205464a2e0b58deda26ae8ac21d1/altgraph-0.17.5-py2.py3-none-any.whl", hash = "sha256:f3a22400bce1b0c701683820ac4f3b159cd301acab067c51c653e06961600597", size = 21228, upload-time = "2025-11-21T20:35:49.444Z" },
]

[[package]]
name = "classification-banner"
version = "1.4.0"
source = { virtual = "." }
dependencies = [
    { name = "pywin32-ctypes" },
    { name = "screeninfo" },
]

[package.dev-dependencies]
dev = [
    { name = "flake8" },
    { name = "pyinstaller" },
    { name = "pytest" },
    { name = "pytest-cov" },
    { name = "pywin32-ctypes" },
]

[package.metadata]
requires-dist = [
    { name = "pywin32-ctypes", specifier = ">=0.2.3" },
    { name = "screeninfo", specifier = ">=0.8.1" },
]

[package.metadata.requires-dev]
dev = [
    { name = "flake8", specifier = ">=7.3.0" },
    { name = "pyinstaller", specifier = ">=6.17.0" },
    { name = "pytest", specifier = ">=9.0.1" },
    { name = "pytest-cov", specifier = ">=7.0.0" },
    { name = "pywin32-ctypes", specifier = ">=0.2.3" },
]

[[package]]
name = "colorama"
version = "0.4.6"
source = { registry = "https://pypi.org/simple" }
sdist = { url = "https://files.pythonhosted.org/packages/d8/53/6f443c9a4a8358a93a6792e2acffb9d9d5cb0a5cfd8802644b7b1c9a02e4/colorama-0.4.6.tar.gz", hash = "sha256:08695f5cb7ed6e0531a20572697297273c47b8cae5a63ffc6d6ed5c201be6e44", size = 27697, upload-time = "2022-10-25T02:36:22.414Z" }
wheels = [
    { url = "https://files.pythonhosted.org/packages/d1/d6/3965ed04c63042e047cb6a3e6ed1a63a35087b6a609aa3a15ed8ac56c221/colorama-0.4.6-py2.py3-none-any.whl", hash = "sha256:4f1d9991f5acc0ca119f9d443620b77f9d6b33703e51011c16baf57afb285fc6", size = 25335, upload-time = "2022-10-25T02:36:20.889Z" },
]

[[package]]
name = "coverage"
version = "7.13.5"
source = { registry = "https://pypi.org/simple" }
sdist = { url = "https://files.pythonhosted.org/packages/9d/e0/70553e3000e345daff267cec284ce4cbf3fc141b6da229ac52775b5428f1/coverage-7.13.5.tar.gz", hash = "sha256:c81f6515c4c40141f83f502b07bbfa5c240ba25bbe73da7b33f1e5b6120ff179", size = 915967, upload-time = "2026-03-17T10:33:18.341Z" }
wheels = [
    { url = "https://files.pythonhosted.org/packages/8e/77/39703f0d1d4b478bfd30191d3c14f53caf596fac00efb3f8f6ee23646439/coverage-7.13.5-cp314-cp314-macosx_10_15_x86_64.whl", hash = "sha256:fbabfaceaeb587e16f7008f7795cd80d20ec548dc7f94fbb0d4ec2e038ce563f", size = 219621, upload-time = "2026-03-17T10:32:08.589Z" },
    { url = "https://files.pythonhosted.org/packages/e2/3e/51dff36d99ae14639a133d9b164d63e628532e2974d8b1edb99dd1ebc733/coverage-7.13.5-cp314-cp314-macosx_11_0_arm64.whl", hash = "sha256:9bb2a28101a443669a423b665939381084412b81c3f8c0fcfbac57f4e30b5b8e", size = 219953, upload-time = "2026-03-17T10:32:10.507Z" },
    { url = "https://files.pythonhosted.org/packages/6a/6c/1f1917b01eb647c2f2adc9962bd66c79eb978951cab61bdc1acab3290c07/coverage-7.13.5-cp314-cp314-manylinux1_i686.manylinux_2_28_i686.manylinux_2_5_i686.whl", hash = "sha256:bd3a2fbc1c6cccb3c5106140d87cc6a8715110373ef42b63cf5aea29df8c217a", size = 250992, upload-time = "2026-03-17T10:32:12.41Z" },
    { url = "https://files.pythonhosted.org/packages/22/e5/06b1f88f42a5a99df42ce61208bdec3bddb3d261412874280a19796fc09c/coverage-7.13.5-cp314-cp314-manylinux1_x86_64.manylinux_2_28_x86_64.manylinux_2_5_x86_64.whl", hash = "sha256:6c36ddb64ed9d7e496028d1d00dfec3e428e0aabf4006583bb1839958d280510", size = 253503, upload-time = "2026-03-17T10:32:14.449Z" },
    { url = "https://files.pythonhosted.org/packages/80/28/2a148a51e5907e504fa7b85490277734e6771d8844ebcc48764a15e28155/coverage-7.13.5-cp314-cp314-manylinux2014_aarch64.manylinux_2_17_aarch64.manylinux_2_28_aarch64.whl", hash = "sha256:380e8e9084d8eb38db3a9176a1a4f3c0082c3806fa0dc882d1d87abc3c789247", size = 254852, upload-time = "2026-03-17T10:32:16.56Z" },
    { url = "https://files.pythonhosted.org/packages/61/77/50e8d3d85cc0b7ebe09f30f151d670e302c7ff4a1bf6243f71dd8b0981fa/coverage-7.13.5-cp314-cp314-manylinux2014_ppc64le.manylinux_2_17_ppc64le.manylinux_2_28_ppc64le.whl", hash = "sha256:e808af52a0513762df4d945ea164a24b37f2f518cbe97e03deaa0ee66139b4d6", size = 257161, upload-time = "2026-03-17T10:32:19.004Z" },
    { url = "https://files.pythonhosted.org/packages/3b/c4/b5fd1d4b7bf8d0e75d997afd3925c59ba629fc8616f1b3aae7605132e256/coverage-7.13.5-cp314-cp314-manylinux_2_31_riscv64.manylinux_2_39_riscv64.whl", hash = "sha256:e301d30dd7e95ae068671d746ba8c34e945a82682e62918e41b2679acd2051a0", size = 251021, upload-time = "2026-03-17T10:32:21.344Z" },
    { url = "https://files.pythonhosted.org/packages/f8/66/6ea21f910e92d69ef0b1c3346ea5922a51bad4446c9126db2ae96ee24c4c/coverage-7.13.5-cp314-cp314-musllinux_1_2_aarch64.whl", hash = "sha256:800bc829053c80d240a687ceeb927a94fd108bbdc68dfbe505d0d75ab578a882", size = 252858, upload-time = "2026-03-17T10:32:23.506Z" },
    { url = "https://files.pythonhosted.org/packages/9e/ea/879c83cb5d61aa2a35fb80e72715e92672daef8191b84911a643f533840c/coverage-7.13.5-cp314-cp314-musllinux_1_2_i686.whl", hash = "sha256:0b67af5492adb31940ee418a5a655c28e48165da5afab8c7fa6fd72a142f8740", size = 250823, upload-time = "2026-03-17T10:32:25.516Z" },
    { url = "https://files.pythonhosted.org/packages/8a/fb/616d95d3adb88b9803b275580bdeee8bd1b69a886d057652521f83d7322f/coverage-7.13.5-cp314-cp314-musllinux_1_2_ppc64le.whl", hash = "sha256:c9136ff29c3a91e25b1d1552b5308e53a1e0653a23e53b6366d7c2dcbbaf8a16", size = 255099, upload-time = "2026-03-17T10:32:27.944Z" },
    { url = "https://files.pythonhosted.org/packages/1c/93/25e6917c90ec1c9a56b0b26f6cad6408e5f13bb6b35d484a0d75c9cf000d/coverage-7.13.5-cp314-cp314-musllinux_1_2_riscv64.whl", hash = "sha256:cff784eef7f0b8f6cb28804fbddcfa99f89efe4cc35fb5627e3ac58f91ed3ac0", size = 250638, upload-time = "2026-03-17T10:32:29.914Z" },
    { url = "https://files.pythonhosted.org/packages/fc/7b/dc1776b0464145a929deed214aef9fb1493f159b59ff3c7eeeedf91eddd0/coverage-7.13.5-cp314-cp314-musllinux_1_2_x86_64.whl", hash = "sha256:68a4953be99b17ac3c23b6efbc8a38330d99680c9458927491d18700ef23ded0", size = 252295, upload-time = "2026-03-17T10:32:31.981Z" },
    { url = "https://files.pythonhosted.org/packages/ea/fb/99cbbc56a26e07762a2740713f3c8f9f3f3106e3a3dd8cc4474954bccd34/coverage-7.13.5-cp314-cp314-win32.whl", hash = "sha256:35a31f2b1578185fbe6aa2e74cea1b1d0bbf4c552774247d9160d29b80ed56cc", size = 222360, upload-time = "2026-03-17T10:32:34.233Z" },
    { url = "https://files.pythonhosted.org/packages/8d/b7/4758d4f73fb536347cc5e4ad63662f9d60ba9118cb6785e9616b2ce5d7fa/coverage-7.13.5-cp314-cp314-win_amd64.whl", hash = "sha256:2aa055ae1857258f9e0045be26a6d62bdb47a72448b62d7b55f4820f361a2633", size = 223174, upload-time = "2026-03-17T10:32:36.369Z" },
    { url = "https://files.pythonhosted.org/packages/2c/f2/24d84e1dfe70f8ac9fdf30d338239860d0d1d5da0bda528959d0ebc9da28/coverage-7.13.5-cp314-cp314-win_arm64.whl", hash = "sha256:1b11eef33edeae9d142f9b4358edb76273b3bfd30bc3df9a4f95d0e49caf94e8", size = 221739, upload-time = "2026-03-17T10:32:38.736Z" },
    { url = "https://files.pythonhosted.org/packages/60/5b/4a168591057b3668c2428bff25dd3ebc21b629d666d90bcdfa0217940e84/coverage-7.13.5-cp314-cp314t-macosx_10_15_x86_64.whl", hash = "sha256:10a0c37f0b646eaff7cce1874c31d1f1ccb297688d4c747291f4f4c70741cc8b", size = 220351, upload-time = "2026-03-17T10:32:41.196Z" },
    { url = "https://files.pythonhosted.org/packages/f5/21/1fd5c4dbfe4a58b6b99649125635df46decdfd4a784c3cd6d410d303e370/coverage-7.13.5-cp314-cp314t-macosx_11_0_arm64.whl", hash = "sha256:b5db73ba3c41c7008037fa731ad5459fc3944cb7452fc0aa9f822ad3533c583c", size = 220612, upload-time = "2026-03-17T10:32:43.204Z" },
    { url = "https://files.pythonhosted.org/packages/d6/fe/2a924b3055a5e7e4512655a9d4609781b0d62334fa0140c3e742926834e2/coverage-7.13.5-cp314-cp314t-manylinux1_i686.manylinux_2_28_i686.manylinux_2_5_i686.whl", hash = "sha256:750db93a81e3e5a9831b534be7b1229df848b2e125a604fe6651e48aa070e5f9", size = 261985, upload-time = "2026-03-17T10:32:45.514Z" },
    { url = "https://files.pythonhosted.org/packages/d7/0d/c8928f2bd518c45990fe1a2ab8db42e914ef9b726c975facc4282578c3eb/coverage-7.13.5-cp314-cp314t-manylinux1_x86_64.manylinux_2_28_x86_64.manylinux_2_5_x86_64.whl", hash = "sha256:9ddb4f4a5479f2539644be484da179b653273bca1a323947d48ab107b3ed1f29", size = 264107, upload-time = "2026-03-17T10:32:47.971Z" },
    { url = "https://files.pythonhosted.org/packages/ef/ae/4ae35bbd9a0af9d820362751f0766582833c211224b38665c0f8de3d487f/coverage-7.13.5-cp314-cp314t-manylinux2014_aarch64.manylinux_2_17_aarch64.manylinux_2_28_aarch64.whl", hash = "sha256:d8a7a2049c14f413163e2bdabd37e41179b1d1ccb10ffc6ccc4b7a718429c607", size = 266513, upload-time = "2026-03-17T10:32:50.1Z" },
    { url = "https://files.pythonhosted.org/packages/9c/20/d326174c55af36f74eac6ae781612d9492f060ce8244b570bb9d50d9d609/coverage-7.13.5-cp314-cp314t-manylinux2014_ppc64le.manylinux_2_17_ppc64le.manylinux_2_28_ppc64le.whl", hash = "sha256:e1c85e0b6c05c592ea6d8768a66a254bfb3874b53774b12d4c89c481eb78cb90", size = 267650, upload-time = "2026-03-17T10:32:52.391Z" },
    { url = "https://files.pythonhosted.org/packages/7a/5e/31484d62cbd0eabd3412e30d74386ece4a0837d4f6c3040a653878bfc019/coverage-7.13.5-cp314-cp314t-manylinux_2_31_riscv64.manylinux_2_39_riscv64.whl", hash = "sha256:777c4d1eff1b67876139d24288aaf1817f6c03d6bae9c5cc8d27b83bcfe38fe3", size = 261089, upload-time = "2026-03-17T10:32:54.544Z" },
    { url = "https://files.pythonhosted.org/packages/e9/d8/49a72d6de146eebb0b7e48cc0f4bc2c0dd858e3d4790ab2b39a2872b62bd/coverage-7.13.5-cp314-cp314t-musllinux_1_2_aarch64.whl", hash = "sha256:6697e29b93707167687543480a40f0db8f356e86d9f67ddf2e37e2dfd91a9dab", size = 263982, upload-time = "2026-03-17T10:32:56.803Z" },
    { url = "https://files.pythonhosted.org/packages/06/3b/0351f1bd566e6e4dd39e978efe7958bde1d32f879e85589de147654f57bb/coverage-7.13.5-cp314-cp314t-musllinux_1_2_i686.whl", hash = "sha256:8fdf453a942c3e4d99bd80088141c4c6960bb232c409d9c3558e2dbaa3998562", size = 261579, upload-time = "2026-03-17T10:32:59.466Z" },
    { url = "https://files.pythonhosted.org/packages/5d/ce/796a2a2f4017f554d7810f5c573449b35b1e46788424a548d4d19201b222/coverage-7.13.5-cp314-cp314t-musllinux_1_2_ppc64le.whl", hash = "sha256:32ca0c0114c9834a43f045a87dcebd69d108d8ffb666957ea65aa132f50332e2", size = 265316, upload-time = "2026-03-17T10:33:01.847Z" },
    { url = "https://files.pythonhosted.org/packages/3d/16/d5ae91455541d1a78bc90abf495be600588aff8f6db5c8b0dae739fa39c9/coverage-7.13.5-cp314-cp314t-musllinux_1_2_riscv64.whl", hash = "sha256:8769751c10f339021e2638cd354e13adeac54004d1941119b2c96fe5276d45ea", size = 260427, upload-time = "2026-03-17T10:33:03.945Z" },
    { url = "https://files.pythonhosted.org/packages/48/11/07f413dba62db21fb3fad5d0de013a50e073cc4e2dc4306e770360f6dfc8/coverage-7.13.5-cp314-cp314t-musllinux_1_2_x86_64.whl", hash = "sha256:cec2d83125531bd153175354055cdb7a09987af08a9430bd173c937c6d0fba2a", size = 262745, upload-time = "2026-03-17T10:33:06.285Z" },
    { url = "https://files.pythonhosted.org/packages/91/15/d792371332eb4663115becf4bad47e047d16234b1aff687b1b18c58d60ae/coverage-7.13.5-cp314-cp314t-win32.whl", hash = "sha256:0cd9ed7a8b181775459296e402ca4fb27db1279740a24e93b3b41942ebe4b215", size = 223146, upload-time = "2026-03-17T10:33:08.756Z" },
    { url = "https://files.pythonhosted.org/packages/db/51/37221f59a111dca5e85be7dbf09696323b5b9f13ff65e0641d535ed06ea8/coverage-7.13.5-cp314-cp314t-win_amd64.whl", hash = "sha256:301e3b7dfefecaca37c9f1aa6f0049b7d4ab8dd933742b607765d757aca77d43", size = 224254, upload-time = "2026-03-17T10:33:11.174Z" },
    { url = "https://files.pythonhosted.org/packages/54/83/6acacc889de8987441aa7d5adfbdbf33d288dad28704a67e574f1df9bcbb/coverage-7.13.5-cp314-cp314t-win_arm64.whl", hash = "sha256:9dacc2ad679b292709e0f5fc1ac74a6d4d5562e424058962c7bb0c658ad25e45", size = 222276, upload-time = "2026-03-17T10:33:13.466Z" },
    { url = "https://files.pythonhosted.org/packages/9e/ee/a4cf96b8ce1e566ed238f0659ac2d3f007ed1d14b181bcb684e19561a69a/coverage-7.13.5-py3-none-any.whl", hash = "sha256:34b02417cf070e173989b3db962f7ed56d2f644307b2cf9d5a0f258e13084a61", size = 211346, upload-time = "2026-03-17T10:33:15.691Z" },
]

[[package]]
name = "cython"
version = "3.2.4"
source = { registry = "https://pypi.org/simple" }
sdist = { url = "https://files.pythonhosted.org/packages/91/85/7574c9cd44b69a27210444b6650f6477f56c75fee1b70d7672d3e4166167/cython-3.2.4.tar.gz", hash = "sha256:84226ecd313b233da27dc2eb3601b4f222b8209c3a7216d8733b031da1dc64e6", size = 3280291, upload-time = "2026-01-04T14:14:14.473Z" }
wheels = [
    { url = "https://files.pythonhosted.org/packages/ee/d7/3bda3efce0c5c6ce79cc21285dbe6f60369c20364e112f5a506ee8a1b067/cython-3.2.4-cp314-cp314-macosx_11_0_arm64.whl", hash = "sha256:d4b4fd5332ab093131fa6172e8362f16adef3eac3179fd24bbdc392531cb82fa", size = 2971496, upload-time = "2026-01-04T14:15:25.038Z" },
    { url = "https://files.pythonhosted.org/packages/0a/8b/fd393f0923c82be4ec0db712fffb2ff0a7a131707b842c99bf24b549274d/cython-3.2.4-cp39-abi3-macosx_10_9_x86_64.whl", hash = "sha256:36bf3f5eb56d5281aafabecbaa6ed288bc11db87547bba4e1e52943ae6961ccf", size = 2875622, upload-time = "2026-01-04T14:15:39.749Z" },
    { url = "https://files.pythonhosted.org/packages/ff/fa/d3c15189f7c52aaefbaea76fb012119b04b9013f4bf446cb4eb4c26c4e6b/cython-3.2.4-py3-none-any.whl", hash = "sha256:732fc93bc33ae4b14f6afaca663b916c2fdd5dcbfad7114e17fb2434eeaea45c", size = 1257078, upload-time = "2026-01-04T14:14:12.373Z" },
]

[[package]]
name = "flake8"
version = "7.3.0"
source = { registry = "https://pypi.org/simple" }
dependencies = [
    { name = "mccabe" },
    { name = "pycodestyle" },
    { name = "pyflakes" },
]
sdist = { url = "https://files.pythonhosted.org/packages/9b/af/fbfe3c4b5a657d79e5c47a2827a362f9e1b763336a52f926126aa6dc7123/flake8-7.3.0.tar.gz", hash = "sha256:fe044858146b9fc69b551a4b490d69cf960fcb78ad1edcb84e7fbb1b4a8e3872", size = 48326, upload-time = "2025-06-20T19:31:35.838Z" }
wheels = [
    { url = "https://files.pythonhosted.org/packages/9f/56/13ab06b4f93ca7cac71078fbe37fcea175d3216f31f85c3168a6bbd0bb9a/flake8-7.3.0-py2.py3-none-any.whl", hash = "sha256:b9696257b9ce8beb888cdbe31cf885c90d31928fe202be0889a7cdafad32f01e", size = 57922, upload-time = "2025-06-20T19:31:34.425Z" },
]

[[package]]
name = "iniconfig"
version = "2.3.0"
source = { registry = "https://pypi.org/simple" }
sdist = { url = "https://files.pythonhosted.org/packages/72/34/14ca021ce8e5dfedc35312d08ba8bf51fdd999c576889fc2c24cb97f4f10/iniconfig-2.3.0.tar.gz", hash = "sha256:c76315c77db068650d49c5b56314774a7804df16fee4402c1f19d6d15d8c4730", size = 20503, upload-time = "2025-10-18T21:55:43.219Z" }
wheels = [
    { url = "https://files.pythonhosted.org/packages/cb/b1/3846dd7f199d53cb17f49cba7e651e9ce294d8497c8c150530ed11865bb8/iniconfig-2.3.0-py3-none-any.whl", hash = "sha256:f631c04d2c48c52b84d0d0549c99ff3859c98df65b3101406327ecc7d53fbf12", size = 7484, upload-time = "2025-10-18T21:55:41.639Z" },
]

[[package]]
name = "macholib"
version = "1.16.4"
source = { registry = "https://pypi.org/simple" }
dependencies = [
    { name = "altgraph" },
]
sdist = { url = "https://files.pythonhosted.org/packages/10/2f/97589876ea967487978071c9042518d28b958d87b17dceb7cdc1d881f963/macholib-1.16.4.tar.gz", hash = "sha256:f408c93ab2e995cd2c46e34fe328b130404be143469e41bc366c807448979362", size = 59427, upload-time = "2025-11-22T08:28:38.373Z" }
wheels = [
    { url = "https://files.pythonhosted.org/packages/c7/d1/a9f36f8ecdf0fb7c9b1e78c8d7af12b8c8754e74851ac7b94a8305540fc7/macholib-1.16.4-py2.py3-none-any.whl", hash = "sha256:da1a3fa8266e30f0ce7e97c6a54eefaae8edd1e5f86f3eb8b95457cae90265ea", size = 38117, upload-time = "2025-11-22T08:28:36.939Z" },
]

[[package]]
name = "mccabe"
version = "0.7.0"
source = { registry = "https://pypi.org/simple" }
sdist = { url = "https://files.pythonhosted.org/packages/e7/ff/0ffefdcac38932a54d2b5eed4e0ba8a408f215002cd178ad1df0f2806ff8/mccabe-0.7.0.tar.gz", hash = "sha256:348e0240c33b60bbdf4e523192ef919f28cb2c3d7d5c7794f74009290f236325", size = 9658, upload-time = "2022-01-24T01:14:51.113Z" }
wheels = [
    { url = "https://files.pythonhosted.org/packages/27/1a/1f68f9ba0c207934b35b86a8ca3aad8395a3d6dd7921c0686e23853ff5a9/mccabe-0.7.0-py2.py3-none-any.whl", hash = "sha256:6c2d30ab6be0e4a46919781807b4f0d834ebdd6c6e3dca0bda5a15f863427b6e", size = 7350, upload-time = "2022-01-24T01:14:49.62Z" },
]

[[package]]
name = "packaging"
version = "26.2"
source = { registry = "https://pypi.org/simple" }
sdist = { url = "https://files.pythonhosted.org/packages/d7/f1/e7a6dd94a8d4a5626c03e4e99c87f241ba9e350cd9e6d75123f992427270/packaging-26.2.tar.gz", hash = "sha256:ff452ff5a3e828ce110190feff1178bb1f2ea2281fa2075aadb987c2fb221661", size = 228134, upload-time = "2026-04-24T20:15:23.917Z" }
wheels = [
    { url = "https://files.pythonhosted.org/packages/df/b2/87e62e8c3e2f4b32e5fe99e0b86d576da1312593b39f47d8ceef365e95ed/packaging-26.2-py3-none-any.whl", hash = "sha256:5fc45236b9446107ff2415ce77c807cee2862cb6fac22b8a73826d0693b0980e", size = 100195, upload-time = "2026-04-24T20:15:22.081Z" },
]

[[package]]
name = "pefile"
version = "2024.8.26"
source = { registry = "https://pypi.org/simple" }
sdist = { url = "https://files.pythonhosted.org/packages/03/4f/2750f7f6f025a1507cd3b7218691671eecfd0bbebebe8b39aa0fe1d360b8/pefile-2024.8.26.tar.gz", hash = "sha256:3ff6c5d8b43e8c37bb6e6dd5085658d658a7a0bdcd20b6a07b1fcfc1c4e9d632", size = 76008, upload-time = "2024-08-26T20:58:38.155Z" }
wheels = [
    { url = "https://files.pythonhosted.org/packages/54/16/12b82f791c7f50ddec566873d5bdd245baa1491bac11d15ffb98aecc8f8b/pefile-2024.8.26-py3-none-any.whl", hash = "sha256:76f8b485dcd3b1bb8166f1128d395fa3d87af26360c2358fb75b80019b957c6f", size = 74766, upload-time = "2024-08-26T21:01:02.632Z" },
]

[[package]]
name = "pluggy"
version = "1.6.0"
source = { registry = "https://pypi.org/simple" }
sdist = { url = "https://files.pythonhosted.org/packages/f9/e2/3e91f31a7d2b083fe6ef3fa267035b518369d9511ffab804f839851d2779/pluggy-1.6.0.tar.gz", hash = "sha256:7dcc130b76258d33b90f61b658791dede3486c3e6bfb003ee5c9bfb396dd22f3", size = 69412, upload-time = "2025-05-15T12:30:07.975Z" }
wheels = [
    { url = "https://files.pythonhosted.org/packages/54/20/4d324d65cc6d9205fabedc306948156824eb9f0ee1633355a8f7ec5c66bf/pluggy-1.6.0-py3-none-any.whl", hash = "sha256:e920276dd6813095e9377c0bc5566d94c932c33b27a3e3945d8389c374dd4746", size = 20538, upload-time = "2025-05-15T12:30:06.134Z" },
]

[[package]]
name = "pycodestyle"
version = "2.14.0"
source = { registry = "https://pypi.org/simple" }
sdist = { url = "https://files.pythonhosted.org/packages/11/e0/abfd2a0d2efe47670df87f3e3a0e2edda42f055053c85361f19c0e2c1ca8/pycodestyle-2.14.0.tar.gz", hash = "sha256:c4b5b517d278089ff9d0abdec919cd97262a3367449ea1c8b49b91529167b783", size = 39472, upload-time = "2025-06-20T18:49:48.75Z" }
wheels = [
    { url = "https://files.pythonhosted.org/packages/d7/27/a58ddaf8c588a3ef080db9d0b7e0b97215cee3a45df74f3a94dbbf5c893a/pycodestyle-2.14.0-py2.py3-none-any.whl", hash = "sha256:dd6bf7cb4ee77f8e016f9c8e74a35ddd9f67e1d5fd4184d86c3b98e07099f42d", size = 31594, upload-time = "2025-06-20T18:49:47.491Z" },
]

[[package]]
name = "pyflakes"
version = "3.4.0"
source = { registry = "https://pypi.org/simple" }
sdist = { url = "https://files.pythonhosted.org/packages/45/dc/fd034dc20b4b264b3d015808458391acbf9df40b1e54750ef175d39180b1/pyflakes-3.4.0.tar.gz", hash = "sha256:b24f96fafb7d2ab0ec5075b7350b3d2d2218eab42003821c06344973d3ea2f58", size = 64669, upload-time = "2025-06-20T18:45:27.834Z" }
wheels = [
    { url = "https://files.pythonhosted.org/packages/c2/2f/81d580a0fb83baeb066698975cb14a618bdbed7720678566f1b046a95fe8/pyflakes-3.4.0-py2.py3-none-any.whl", hash = "sha256:f742a7dbd0d9cb9ea41e9a24a918996e8170c799fa528688d40dd582c8265f4f", size = 63551, upload-time = "2025-06-20T18:45:26.937Z" },
]

[[package]]
name = "pygments"
version = "2.20.0"
source = { registry = "https://pypi.org/simple" }
sdist = { url = "https://files.pythonhosted.org/packages/c3/b2/bc9c9196916376152d655522fdcebac55e66de6603a76a02bca1b6414f6c/pygments-2.20.0.tar.gz", hash = "sha256:6757cd03768053ff99f3039c1a36d6c0aa0b263438fcab17520b30a303a82b5f", size = 4955991, upload-time = "2026-03-29T13:29:33.898Z" }
wheels = [
    { url = "https://files.pythonhosted.org/packages/f4/7e/a72dd26f3b0f4f2bf1dd8923c85f7ceb43172af56d63c7383eb62b332364/pygments-2.20.0-py3-none-any.whl", hash = "sha256:81a9e26dd42fd28a23a2d169d86d7ac03b46e2f8b59ed4698fb4785f946d0176", size = 1231151, upload-time = "2026-03-29T13:29:30.038Z" },
]

[[package]]
name = "pyinstaller"
version = "6.20.0"
source = { registry = "https://pypi.org/simple" }
dependencies = [
    { name = "altgraph" },
    { name = "macholib", marker = "sys_platform == 'darwin'" },
    { name = "packaging" },
    { name = "pefile", marker = "sys_platform == 'win32'" },
    { name = "pyinstaller-hooks-contrib" },
    { name = "pywin32-ctypes", marker = "sys_platform == 'win32'" },
    { name = "setuptools" },
]
sdist = { url = "https://files.pythonhosted.org/packages/46/60/d03d52e6690d4e9caf333dcd14550cde634ce6c118b3bc8fa3112c3186fd/pyinstaller-6.20.0.tar.gz", hash = "sha256:95c5c7e03d5d61e9dfb8ef259c699cf492bb1041beb6dbe83696608cec07347a", size = 4048728, upload-time = "2026-04-22T20:59:36.96Z" }
wheels = [
    { url = "https://files.pythonhosted.org/packages/d0/e4/e228d6d1bbb7fd62dc660a8fb202a583b023d3a3624ca95d1a9290ee4d6a/pyinstaller-6.20.0-py3-none-macosx_10_13_universal2.whl", hash = "sha256:bf3be4e1284ee78ddccba5e29f99443a12a7b4673168288ffc4c9d38c6f7b90e", size = 1047642, upload-time = "2026-04-22T20:58:32.006Z" },
    { url = "https://files.pythonhosted.org/packages/ce/bd/afb631bcb3f9040efebd4f6d067f0828b51710818f69fb41a2d4b7787f52/pyinstaller-6.20.0-py3-none-manylinux2014_aarch64.whl", hash = "sha256:72ae9c1fdea134afa791f58bdc9a1934d5c7609753c111e0026bfc272b32b712", size = 742494, upload-time = "2026-04-22T20:58:36.285Z" },
    { url = "https://files.pythonhosted.org/packages/76/08/0729a5bac14754150e5d83b39d87d842eb42b0bffcaa03dbad6252e23a39/pyinstaller-6.20.0-py3-none-manylinux2014_i686.whl", hash = "sha256:1031bcc307f3fbeffd4e162723e64d46dbf591c82dd0997413afb2a07328b941", size = 754191, upload-time = "2026-04-22T20:58:40.603Z" },
    { url = "https://files.pythonhosted.org/packages/e6/82/bc0ee4c7b97db1958eb651e0da9fb1e672e5ae53ca8867fd97701de52906/pyinstaller-6.20.0-py3-none-manylinux2014_ppc64le.whl", hash = "sha256:8df3b3f347659fa2562d8d193a98ad4600133b8b8d07c268df89e4154376750e", size = 751902, upload-time = "2026-04-22T20:58:44.7Z" },
    { url = "https://files.pythonhosted.org/packages/3d/e7/770002d6aaa54173881cb2c49bb195ba67b97bf39bac1cdf320f28401629/pyinstaller-6.20.0-py3-none-manylinux2014_s390x.whl", hash = "sha256:b0d3cc9dd8120d448459bd3880a12e2f9774c51443af49047801446377999a59", size = 748634, upload-time = "2026-04-22T20:58:48.579Z" },
    { url = "https://files.pythonhosted.org/packages/fe/db/68ba1fccb71278b2124fb90b37b7c8c0bc4c1173fba45b94466df3d9cb7f/pyinstaller-6.20.0-py3-none-manylinux2014_x86_64.whl", hash = "sha256:03696bb6350177c6bc23bcaf78e71a33c4a89b6754dd90d1be2f318e978c918b", size = 748490, upload-time = "2026-04-22T20:58:52.749Z" },
    { url = "https://files.pythonhosted.org/packages/03/0f/ac77ffa996a56be3d5c8f85734a007f8347240691657f9704e7de2527fa3/pyinstaller-6.20.0-py3-none-musllinux_1_1_aarch64.whl", hash = "sha256:6357f1699f6af84f37e7367f031d4f68abdba65543b83990c9e8f5a4cebed0b7", size = 747650, upload-time = "2026-04-22T20:58:57.093Z" },
    { url = "https://files.pythonhosted.org/packages/e0/56/1ee91c3a2bc10ca1f36da10a6fd55ff7efc4dec367171eb25992a827874f/pyinstaller-6.20.0-py3-none-musllinux_1_1_x86_64.whl", hash = "sha256:0ab39c690abad26ba148e8f664f0478acc82a733997f4f22e757774832802da9", size = 747413, upload-time = "2026-04-22T20:59:01.174Z" },
    { url = "https://files.pythonhosted.org/packages/d7/55/ae264339996953c4cdf9d89d916a0a8fa26a83cf917a742fff8b9d5f3fe8/pyinstaller-6.20.0-py3-none-win32.whl", hash = "sha256:9a7637e8e44b4387b13667fdcaac86ab6b29c446c16d34d8401539b81838759c", size = 1331584, upload-time = "2026-04-22T20:59:07.201Z" },
    { url = "https://files.pythonhosted.org/packages/76/8c/300f57578882cce259bfb5ae56fda3b69caa3fe9df40a176c719920ea6e2/pyinstaller-6.20.0-py3-none-win_amd64.whl", hash = "sha256:d588844e890ee80c4365867f98146636e1849bbca8e4284bbf0c809aff0f161a", size = 1391851, upload-time = "2026-04-22T20:59:14.024Z" },
    { url = "https://files.pythonhosted.org/packages/8a/ea/b2f8e1642aecda78c0b75c7321f708e49e10bb3c00dd4f148c40761a1527/pyinstaller-6.20.0-py3-none-win_arm64.whl", hash = "sha256:bd53282c0a73e5c95573e1ddc8e5d564d4932bec91efbaed4dc5fdff9c2ae7f2", size = 1332259, upload-time = "2026-04-22T20:59:20.509Z" },
]

[[package]]
name = "pyinstaller-hooks-contrib"
version = "2026.5"
source = { registry = "https://pypi.org/simple" }
dependencies = [
    { name = "packaging" },
    { name = "setuptools" },
]
sdist = { url = "https://files.pythonhosted.org/packages/1a/67/f4452d68793fb15beba4f19ef39a38a8822f0da7452b503c400d5a21f5c1/pyinstaller_hooks_contrib-2026.5.tar.gz", hash = "sha256:f066dfca8f7c45ff6336c9cf9fe25b4e48bfeb322a1aa24faaedfb8a8d1b0b08", size = 173689, upload-time = "2026-05-04T22:36:55.124Z" }
wheels = [
    { url = "https://files.pythonhosted.org/packages/f6/5c/fd465d11da4d12b50d7eb5d2ee2ceb780d8d049dbb489f3828d131e387af/pyinstaller_hooks_contrib-2026.5-py3-none-any.whl", hash = "sha256:ea1535783fbdac4626351709e83f3ea80b681d3a4745763ebb407b5e27342eb9", size = 457314, upload-time = "2026-05-04T22:36:53.598Z" },
]

[[package]]
name = "pyobjc-core"
version = "12.1"
source = { registry = "https://pypi.org/simple" }
sdist = { url = "https://files.pythonhosted.org/packages/b8/b6/d5612eb40be4fd5ef88c259339e6313f46ba67577a95d86c3470b951fce0/pyobjc_core-12.1.tar.gz", hash = "sha256:2bb3903f5387f72422145e1466b3ac3f7f0ef2e9960afa9bcd8961c5cbf8bd21", size = 1000532, upload-time = "2025-11-14T10:08:28.292Z" }
wheels = [
    { url = "https://files.pythonhosted.org/packages/25/98/9f4ed07162de69603144ff480be35cd021808faa7f730d082b92f7ebf2b5/pyobjc_core-12.1-cp314-cp314-macosx_10_15_universal2.whl", hash = "sha256:844515f5d86395b979d02152576e7dee9cc679acc0b32dc626ef5bda315eaa43", size = 670164, upload-time = "2025-11-14T09:34:37.458Z" },
    { url = "https://files.pythonhosted.org/packages/62/50/dc076965c96c7f0de25c0a32b7f8aa98133ed244deaeeacfc758783f1f30/pyobjc_core-12.1-cp314-cp314t-macosx_10_15_universal2.whl", hash = "sha256:453b191df1a4b80e756445b935491b974714456ae2cbae816840bd96f86db882", size = 712204, upload-time = "2025-11-14T09:35:24.148Z" },
]

[[package]]
name = "pyobjc-framework-cocoa"
version = "12.1"
source = { registry = "https://pypi.org/simple" }
dependencies = [
    { name = "pyobjc-core" },
]
sdist = { url = "https://files.pythonhosted.org/packages/02/a3/16ca9a15e77c061a9250afbae2eae26f2e1579eb8ca9462ae2d2c71e1169/pyobjc_framework_cocoa-12.1.tar.gz", hash = "sha256:5556c87db95711b985d5efdaaf01c917ddd41d148b1e52a0c66b1a2e2c5c1640", size = 2772191, upload-time = "2025-11-14T10:13:02.069Z" }
wheels = [
    { url = "https://files.pythonhosted.org/packages/59/bb/f777cc9e775fc7dae77b569254570fe46eb842516b3e4fe383ab49eab598/pyobjc_framework_cocoa-12.1-cp314-cp314-macosx_10_15_universal2.whl", hash = "sha256:03342a60fc0015bcdf9b93ac0b4f457d3938e9ef761b28df9564c91a14f0129a", size = 384932, upload-time = "2025-11-14T09:42:29.771Z" },
    { url = "https://files.pythonhosted.org/packages/58/27/b457b7b37089cad692c8aada90119162dfb4c4a16f513b79a8b2b022b33b/pyobjc_framework_cocoa-12.1-cp314-cp314t-macosx_10_15_universal2.whl", hash = "sha256:6ba1dc1bfa4da42d04e93d2363491275fb2e2be5c20790e561c8a9e09b8cf2cc", size = 388970, upload-time = "2025-11-14T09:42:53.964Z" },
]

[[package]]
name = "pytest"
version = "9.0.3"
source = { registry = "https://pypi.org/simple" }
dependencies = [
    { name = "colorama", marker = "sys_platform == 'win32'" },
    { name = "iniconfig" },
    { name = "packaging" },
    { name = "pluggy" },
    { name = "pygments" },
]
sdist = { url = "https://files.pythonhosted.org/packages/7d/0d/549bd94f1a0a402dc8cf64563a117c0f3765662e2e668477624baeec44d5/pytest-9.0.3.tar.gz", hash = "sha256:b86ada508af81d19edeb213c681b1d48246c1a91d304c6c81a427674c17eb91c", size = 1572165, upload-time = "2026-04-07T17:16:18.027Z" }
wheels = [
    { url = "https://files.pythonhosted.org/packages/d4/24/a372aaf5c9b7208e7112038812994107bc65a84cd00e0354a88c2c77a617/pytest-9.0.3-py3-none-any.whl", hash = "sha256:2c5efc453d45394fdd706ade797c0a81091eccd1d6e4bccfcd476e2b8e0ab5d9", size = 375249, upload-time = "2026-04-07T17:16:16.13Z" },
]

[[package]]
name = "pytest-cov"
version = "7.1.0"
source = { registry = "https://pypi.org/simple" }
dependencies = [
    { name = "coverage" },
    { name = "pluggy" },
    { name = "pytest" },
]
sdist = { url = "https://files.pythonhosted.org/packages/b1/51/a849f96e117386044471c8ec2bd6cfebacda285da9525c9106aeb28da671/pytest_cov-7.1.0.tar.gz", hash = "sha256:30674f2b5f6351aa09702a9c8c364f6a01c27aae0c1366ae8016160d1efc56b2", size = 55592, upload-time = "2026-03-21T20:11:16.284Z" }
wheels = [
    { url = "https://files.pythonhosted.org/packages/9d/7a/d968e294073affff457b041c2be9868a40c1c71f4a35fcc1e45e5493067b/pytest_cov-7.1.0-py3-none-any.whl", hash = "sha256:a0461110b7865f9a271aa1b51e516c9a95de9d696734a2f71e3e78f46e1d4678", size = 22876, upload-time = "2026-03-21T20:11:14.438Z" },
]

[[package]]
name = "pywin32-ctypes"
version = "0.2.3"
source = { registry = "https://pypi.org/simple" }
sdist = { url = "https://files.pythonhosted.org/packages/85/9f/01a1a99704853cb63f253eea009390c88e7131c67e66a0a02099a8c917cb/pywin32-ctypes-0.2.3.tar.gz", hash = "sha256:d162dc04946d704503b2edc4d55f3dba5c1d539ead017afa00142c38b9885755", size = 29471, upload-time = "2024-08-14T10:15:34.626Z" }
wheels = [
    { url = "https://files.pythonhosted.org/packages/de/3d/8161f7711c017e01ac9f008dfddd9410dff3674334c233bde66e7ba65bbf/pywin32_ctypes-0.2.3-py3-none-any.whl", hash = "sha256:8a1513379d709975552d202d942d9837758905c8d01eb82b8bcc30918929e7b8", size = 30756, upload-time = "2024-08-14T10:15:33.187Z" },
]

[[package]]
name = "screeninfo"
version = "0.8.1"
source = { registry = "https://pypi.org/simple" }
dependencies = [
    { name = "cython", marker = "sys_platform == 'darwin'" },
    { name = "pyobjc-framework-cocoa", marker = "sys_platform == 'darwin'" },
]
sdist = { url = "https://files.pythonhosted.org/packages/ec/bb/e69e5e628d43f118e0af4fc063c20058faa8635c95a1296764acc8167e27/screeninfo-0.8.1.tar.gz", hash = "sha256:9983076bcc7e34402a1a9e4d7dabf3729411fd2abb3f3b4be7eba73519cd2ed1", size = 10666, upload-time = "2022-09-09T11:35:23.419Z" }
wheels = [
    { url = "https://files.pythonhosted.org/packages/6e/bf/c5205d480307bef660e56544b9e3d7ff687da776abb30c9cb3f330887570/screeninfo-0.8.1-py3-none-any.whl", hash = "sha256:e97d6b173856edcfa3bd282f81deb528188aff14b11ec3e195584e7641be733c", size = 12907, upload-time = "2022-09-09T11:35:21.351Z" },
]

[[package]]
name = "setuptools"
version = "82.0.1"
source = { registry = "https://pypi.org/simple" }
sdist = { url = "https://files.pythonhosted.org/packages/4f/db/cfac1baf10650ab4d1c111714410d2fbb77ac5a616db26775db562c8fab2/setuptools-82.0.1.tar.gz", hash = "sha256:7d872682c5d01cfde07da7bccc7b65469d3dca203318515ada1de5eda35efbf9", size = 1152316, upload-time = "2026-03-09T12:47:17.221Z" }
wheels = [
    { url = "https://files.pythonhosted.org/packages/9d/76/f789f7a86709c6b087c5a2f52f911838cad707cc613162401badc665acfe/setuptools-82.0.1-py3-none-any.whl", hash = "sha256:a59e362652f08dcd477c78bb6e7bd9d80a7995bc73ce773050228a348ce2e5bb", size = 1006223, upload-time = "2026-03-09T12:47:15.026Z" },
]
